// !$*UTF8*$!
{
	archiveVersion = 1;
	classes = {
	};
	objectVersion = 55;
	objects = {

/* Begin PBXBuildFile section */
		849A6BE2281B637000F3BA80 /* RecipeDetailViewController.swift in Sources */ = {isa = PBXBuildFile; fileRef = 849A6BE1281B637000F3BA80 /* RecipeDetailViewController.swift */; };
		84B0D97E281865D70036F22D /* AppDelegate.swift in Sources */ = {isa = PBXBuildFile; fileRef = 84B0D97D281865D70036F22D /* AppDelegate.swift */; };
		84B0D980281865D70036F22D /* SceneDelegate.swift in Sources */ = {isa = PBXBuildFile; fileRef = 84B0D97F281865D70036F22D /* SceneDelegate.swift */; };
		84B0D987281865D90036F22D /* Assets.xcassets in Resources */ = {isa = PBXBuildFile; fileRef = 84B0D986281865D90036F22D /* Assets.xcassets */; };
		84B0D98A281865D90036F22D /* LaunchScreen.storyboard in Resources */ = {isa = PBXBuildFile; fileRef = 84B0D988281865D90036F22D /* LaunchScreen.storyboard */; };
		84B0D9922818670D0036F22D /* HomeViewController.swift in Sources */ = {isa = PBXBuildFile; fileRef = 84B0D9912818670D0036F22D /* HomeViewController.swift */; };
		84B0D999281887F20036F22D /* RecipeListViewController.swift in Sources */ = {isa = PBXBuildFile; fileRef = 84B0D998281887F20036F22D /* RecipeListViewController.swift */; };
		84B0D99D281AE5450036F22D /* NetworkManager.swift in Sources */ = {isa = PBXBuildFile; fileRef = 84B0D99C281AE5450036F22D /* NetworkManager.swift */; };
		84B0D99F281AE7CE0036F22D /* ProductTableViewCell.swift in Sources */ = {isa = PBXBuildFile; fileRef = 84B0D99E281AE7CE0036F22D /* ProductTableViewCell.swift */; };
		84B0D9A1281AEE7C0036F22D /* Product.swift in Sources */ = {isa = PBXBuildFile; fileRef = 84B0D9A0281AEE7C0036F22D /* Product.swift */; };
/* End PBXBuildFile section */

/* Begin PBXFileReference section */
		849A6BE1281B637000F3BA80 /* RecipeDetailViewController.swift */ = {isa = PBXFileReference; lastKnownFileType = sourcecode.swift; path = RecipeDetailViewController.swift; sourceTree = "<group>"; };
		84B0D97A281865D70036F22D /* KetoNutrition.app */ = {isa = PBXFileReference; explicitFileType = wrapper.application; includeInIndex = 0; path = KetoNutrition.app; sourceTree = BUILT_PRODUCTS_DIR; };
		84B0D97D281865D70036F22D /* AppDelegate.swift */ = {isa = PBXFileReference; lastKnownFileType = sourcecode.swift; path = AppDelegate.swift; sourceTree = "<group>"; };
		84B0D97F281865D70036F22D /* SceneDelegate.swift */ = {isa = PBXFileReference; lastKnownFileType = sourcecode.swift; path = SceneDelegate.swift; sourceTree = "<group>"; };
		84B0D986281865D90036F22D /* Assets.xcassets */ = {isa = PBXFileReference; lastKnownFileType = folder.assetcatalog; path = Assets.xcassets; sourceTree = "<group>"; };
		84B0D989281865D90036F22D /* Base */ = {isa = PBXFileReference; lastKnownFileType = file.storyboard; name = Base; path = Base.lproj/LaunchScreen.storyboard; sourceTree = "<group>"; };
		84B0D98B281865D90036F22D /* Info.plist */ = {isa = PBXFileReference; lastKnownFileType = text.plist.xml; path = Info.plist; sourceTree = "<group>"; };
		84B0D9912818670D0036F22D /* HomeViewController.swift */ = {isa = PBXFileReference; lastKnownFileType = sourcecode.swift; path = HomeViewController.swift; sourceTree = "<group>"; };
		84B0D998281887F20036F22D /* RecipeListViewController.swift */ = {isa = PBXFileReference; lastKnownFileType = sourcecode.swift; path = RecipeListViewController.swift; sourceTree = "<group>"; };
		84B0D99C281AE5450036F22D /* NetworkManager.swift */ = {isa = PBXFileReference; lastKnownFileType = sourcecode.swift; path = NetworkManager.swift; sourceTree = "<group>"; };
		84B0D99E281AE7CE0036F22D /* ProductTableViewCell.swift */ = {isa = PBXFileReference; lastKnownFileType = sourcecode.swift; path = ProductTableViewCell.swift; sourceTree = "<group>"; };
		84B0D9A0281AEE7C0036F22D /* Product.swift */ = {isa = PBXFileReference; lastKnownFileType = sourcecode.swift; path = Product.swift; sourceTree = "<group>"; };
/* End PBXFileReference section */

/* Begin PBXFrameworksBuildPhase section */
		84B0D977281865D70036F22D /* Frameworks */ = {
			isa = PBXFrameworksBuildPhase;
			buildActionMask = 2147483647;
			files = (
			);
			runOnlyForDeploymentPostprocessing = 0;
		};
/* End PBXFrameworksBuildPhase section */

/* Begin PBXGroup section */
		84B0D971281865D70036F22D = {
			isa = PBXGroup;
			children = (
				84B0D97C281865D70036F22D /* KetoNutrition */,
				84B0D97B281865D70036F22D /* Products */,
			);
			sourceTree = "<group>";
		};
		84B0D97B281865D70036F22D /* Products */ = {
			isa = PBXGroup;
			children = (
				84B0D97A281865D70036F22D /* KetoNutrition.app */,
			);
			name = Products;
			sourceTree = "<group>";
		};
		84B0D97C281865D70036F22D /* KetoNutrition */ = {
			isa = PBXGroup;
			children = (
				84B0D9A2281AF1270036F22D /* Views */,
				84B0D99B281AE5290036F22D /* Model */,
				84B0D99A281AE51E0036F22D /* Managers */,
				84B0D97D281865D70036F22D /* AppDelegate.swift */,
				84B0D97F281865D70036F22D /* SceneDelegate.swift */,
				84B0D986281865D90036F22D /* Assets.xcassets */,
				84B0D988281865D90036F22D /* LaunchScreen.storyboard */,
				84B0D98B281865D90036F22D /* Info.plist */,
				84B0D993281879210036F22D /* Controllers */,
			);
			path = KetoNutrition;
			sourceTree = "<group>";
		};
		84B0D993281879210036F22D /* Controllers */ = {
			isa = PBXGroup;
			children = (
				84B0D9912818670D0036F22D /* HomeViewController.swift */,
				84B0D998281887F20036F22D /* RecipeListViewController.swift */,
				849A6BE1281B637000F3BA80 /* RecipeDetailViewController.swift */,
			);
			path = Controllers;
			sourceTree = "<group>";
		};
		84B0D99A281AE51E0036F22D /* Managers */ = {
			isa = PBXGroup;
			children = (
				84B0D99C281AE5450036F22D /* NetworkManager.swift */,
			);
			path = Managers;
			sourceTree = "<group>";
		};
		84B0D99B281AE5290036F22D /* Model */ = {
			isa = PBXGroup;
			children = (
				84B0D9A0281AEE7C0036F22D /* Product.swift */,
			);
			path = Model;
			sourceTree = "<group>";
		};
		84B0D9A2281AF1270036F22D /* Views */ = {
			isa = PBXGroup;
			children = (
				84B0D99E281AE7CE0036F22D /* ProductTableViewCell.swift */,
			);
			path = Views;
			sourceTree = "<group>";
		};
/* End PBXGroup section */

/* Begin PBXNativeTarget section */
		84B0D979281865D70036F22D /* KetoNutrition */ = {
			isa = PBXNativeTarget;
			buildConfigurationList = 84B0D98E281865D90036F22D /* Build configuration list for PBXNativeTarget "KetoNutrition" */;
			buildPhases = (
				84B0D976281865D70036F22D /* Sources */,
				84B0D977281865D70036F22D /* Frameworks */,
				84B0D978281865D70036F22D /* Resources */,
			);
			buildRules = (
			);
			dependencies = (
			);
			name = KetoNutrition;
			productName = test;
			productReference = 84B0D97A281865D70036F22D /* KetoNutrition.app */;
			productType = "com.apple.product-type.application";
		};
/* End PBXNativeTarget section */

/* Begin PBXProject section */
		84B0D972281865D70036F22D /* Project object */ = {
			isa = PBXProject;
			attributes = {
				BuildIndependentTargetsInParallel = 1;
				LastSwiftUpdateCheck = 1320;
				LastUpgradeCheck = 1320;
				TargetAttributes = {
					84B0D979281865D70036F22D = {
						CreatedOnToolsVersion = 13.2.1;
					};
				};
			};
			buildConfigurationList = 84B0D975281865D70036F22D /* Build configuration list for PBXProject "KetoNutrition" */;
			compatibilityVersion = "Xcode 13.0";
			developmentRegion = en;
			hasScannedForEncodings = 0;
			knownRegions = (
				en,
				Base,
			);
			mainGroup = 84B0D971281865D70036F22D;
			productRefGroup = 84B0D97B281865D70036F22D /* Products */;
			projectDirPath = "";
			projectRoot = "";
			targets = (
				84B0D979281865D70036F22D /* KetoNutrition */,
			);
		};
/* End PBXProject section */

/* Begin PBXResourcesBuildPhase section */
		84B0D978281865D70036F22D /* Resources */ = {
			isa = PBXResourcesBuildPhase;
			buildActionMask = 2147483647;
			files = (
				84B0D98A281865D90036F22D /* LaunchScreen.storyboard in Resources */,
				84B0D987281865D90036F22D /* Assets.xcassets in Resources */,
			);
			runOnlyForDeploymentPostprocessing = 0;
		};
/* End PBXResourcesBuildPhase section */

/* Begin PBXSourcesBuildPhase section */
		84B0D976281865D70036F22D /* Sources */ = {
			isa = PBXSourcesBuildPhase;
			buildActionMask = 2147483647;
			files = (
				84B0D999281887F20036F22D /* RecipeListViewController.swift in Sources */,
				84B0D97E281865D70036F22D /* AppDelegate.swift in Sources */,
				849A6BE2281B637000F3BA80 /* RecipeDetailViewController.swift in Sources */,
				84B0D99D281AE5450036F22D /* NetworkManager.swift in Sources */,
				84B0D980281865D70036F22D /* SceneDelegate.swift in Sources */,
				84B0D9922818670D0036F22D /* HomeViewController.swift in Sources */,
				84B0D99F281AE7CE0036F22D /* ProductTableViewCell.swift in Sources */,
				84B0D9A1281AEE7C0036F22D /* Product.swift in Sources */,
			);
			runOnlyForDeploymentPostprocessing = 0;
		};
/* End PBXSourcesBuildPhase section */

/* Begin PBXVariantGroup section */
		84B0D988281865D90036F22D /* LaunchScreen.storyboard */ = {
			isa = PBXVariantGroup;
			children = (
				84B0D989281865D90036F22D /* Base */,
			);
			name = LaunchScreen.storyboard;
			sourceTree = "<group>";
		};
/* End PBXVariantGroup section */

/* Begin XCBuildConfiguration section */
		84B0D98C281865D90036F22D /* Debug */ = {
			isa = XCBuildConfiguration;
			buildSettings = {
				ALWAYS_SEARCH_USER_PATHS = NO;
				CLANG_ANALYZER_NONNULL = YES;
				CLANG_ANALYZER_NUMBER_OBJECT_CONVERSION = YES_AGGRESSIVE;
				CLANG_CXX_LANGUAGE_STANDARD = "gnu++17";
				CLANG_CXX_LIBRARY = "libc++";
				CLANG_ENABLE_MODULES = YES;
				CLANG_ENABLE_OBJC_ARC = YES;
				CLANG_ENABLE_OBJC_WEAK = YES;
				CLANG_WARN_BLOCK_CAPTURE_AUTORELEASING = YES;
				CLANG_WARN_BOOL_CONVERSION = YES;
				CLANG_WARN_COMMA = YES;
				CLANG_WARN_CONSTANT_CONVERSION = YES;
				CLANG_WARN_DEPRECATED_OBJC_IMPLEMENTATIONS = YES;
				CLANG_WARN_DIRECT_OBJC_ISA_USAGE = YES_ERROR;
				CLANG_WARN_DOCUMENTATION_COMMENTS = YES;
				CLANG_WARN_EMPTY_BODY = YES;
				CLANG_WARN_ENUM_CONVERSION = YES;
				CLANG_WARN_INFINITE_RECURSION = YES;
				CLANG_WARN_INT_CONVERSION = YES;
				CLANG_WARN_NON_LITERAL_NULL_CONVERSION = YES;
				CLANG_WARN_OBJC_IMPLICIT_RETAIN_SELF = YES;
				CLANG_WARN_OBJC_LITERAL_CONVERSION = YES;
				CLANG_WARN_OBJC_ROOT_CLASS = YES_ERROR;
				CLANG_WARN_QUOTED_INCLUDE_IN_FRAMEWORK_HEADER = YES;
				CLANG_WARN_RANGE_LOOP_ANALYSIS = YES;
				CLANG_WARN_STRICT_PROTOTYPES = YES;
				CLANG_WARN_SUSPICIOUS_MOVE = YES;
				CLANG_WARN_UNGUARDED_AVAILABILITY = YES_AGGRESSIVE;
				CLANG_WARN_UNREACHABLE_CODE = YES;
				CLANG_WARN__DUPLICATE_METHOD_MATCH = YES;
				COPY_PHASE_STRIP = NO;
				DEBUG_INFORMATION_FORMAT = dwarf;
				ENABLE_STRICT_OBJC_MSGSEND = YES;
				ENABLE_TESTABILITY = YES;
				GCC_C_LANGUAGE_STANDARD = gnu11;
				GCC_DYNAMIC_NO_PIC = NO;
				GCC_NO_COMMON_BLOCKS = YES;
				GCC_OPTIMIZATION_LEVEL = 0;
				GCC_PREPROCESSOR_DEFINITIONS = (
					"DEBUG=1",
					"$(inherited)",
				);
				GCC_WARN_64_TO_32_BIT_CONVERSION = YES;
				GCC_WARN_ABOUT_RETURN_TYPE = YES_ERROR;
				GCC_WARN_UNDECLARED_SELECTOR = YES;
				GCC_WARN_UNINITIALIZED_AUTOS = YES_AGGRESSIVE;
				GCC_WARN_UNUSED_FUNCTION = YES;
				GCC_WARN_UNUSED_VARIABLE = YES;
				IPHONEOS_DEPLOYMENT_TARGET = 15.2;
				MTL_ENABLE_DEBUG_INFO = INCLUDE_SOURCE;
				MTL_FAST_MATH = YES;
				ONLY_ACTIVE_ARCH = YES;
				SDKROOT = iphoneos;
				SWIFT_ACTIVE_COMPILATION_CONDITIONS = DEBUG;
				SWIFT_OPTIMIZATION_LEVEL = "-Onone";
			};
			name = Debug;
		};
		84B0D98D281865D90036F22D /* Release */ = {
			isa = XCBuildConfiguration;
			buildSettings = {
				ALWAYS_SEARCH_USER_PATHS = NO;
				CLANG_ANALYZER_NONNULL = YES;
				CLANG_ANALYZER_NUMBER_OBJECT_CONVERSION = YES_AGGRESSIVE;
				CLANG_CXX_LANGUAGE_STANDARD = "gnu++17";
				CLANG_CXX_LIBRARY = "libc++";
				CLANG_ENABLE_MODULES = YES;
				CLANG_ENABLE_OBJC_ARC = YES;
				CLANG_ENABLE_OBJC_WEAK = YES;
				CLANG_WARN_BLOCK_CAPTURE_AUTORELEASING = YES;
				CLANG_WARN_BOOL_CONVERSION = YES;
				CLANG_WARN_COMMA = YES;
				CLANG_WARN_CONSTANT_CONVERSION = YES;
				CLANG_WARN_DEPRECATED_OBJC_IMPLEMENTATIONS = YES;
				CLANG_WARN_DIRECT_OBJC_ISA_USAGE = YES_ERROR;
				CLANG_WARN_DOCUMENTATION_COMMENTS = YES;
				CLANG_WARN_EMPTY_BODY = YES;
				CLANG_WARN_ENUM_CONVERSION = YES;
				CLANG_WARN_INFINITE_RECURSION = YES;
				CLANG_WARN_INT_CONVERSION = YES;
				CLANG_WARN_NON_LITERAL_NULL_CONVERSION = YES;
				CLANG_WARN_OBJC_IMPLICIT_RETAIN_SELF = YES;
				CLANG_WARN_OBJC_LITERAL_CONVERSION = YES;
				CLANG_WARN_OBJC_ROOT_CLASS = YES_ERROR;
				CLANG_WARN_QUOTED_INCLUDE_IN_FRAMEWORK_HEADER = YES;
				CLANG_WARN_RANGE_LOOP_ANALYSIS = YES;
				CLANG_WARN_STRICT_PROTOTYPES = YES;
				CLANG_WARN_SUSPICIOUS_MOVE = YES;
				CLANG_WARN_UNGUARDED_AVAILABILITY = YES_AGGRESSIVE;
				CLANG_WARN_UNREACHABLE_CODE = YES;
				CLANG_WARN__DUPLICATE_METHOD_MATCH = YES;
				COPY_PHASE_STRIP = NO;
				DEBUG_INFORMATION_FORMAT = "dwarf-with-dsym";
				ENABLE_NS_ASSERTIONS = NO;
				ENABLE_STRICT_OBJC_MSGSEND = YES;
				GCC_C_LANGUAGE_STANDARD = gnu11;
				GCC_NO_COMMON_BLOCKS = YES;
				GCC_WARN_64_TO_32_BIT_CONVERSION = YES;
				GCC_WARN_ABOUT_RETURN_TYPE = YES_ERROR;
				GCC_WARN_UNDECLARED_SELECTOR = YES;
				GCC_WARN_UNINITIALIZED_AUTOS = YES_AGGRESSIVE;
				GCC_WARN_UNUSED_FUNCTION = YES;
				GCC_WARN_UNUSED_VARIABLE = YES;
				IPHONEOS_DEPLOYMENT_TARGET = 15.2;
				MTL_ENABLE_DEBUG_INFO = NO;
				MTL_FAST_MATH = YES;
				SDKROOT = iphoneos;
				SWIFT_COMPILATION_MODE = wholemodule;
				SWIFT_OPTIMIZATION_LEVEL = "-O";
				VALIDATE_PRODUCT = YES;
			};
			name = Release;
		};
		84B0D98F281865D90036F22D /* Debug */ = {
			isa = XCBuildConfiguration;
			buildSettings = {
				ASSETCATALOG_COMPILER_APPICON_NAME = AppIcon;
				ASSETCATALOG_COMPILER_GLOBAL_ACCENT_COLOR_NAME = AccentColor;
				CODE_SIGN_STYLE = Automatic;
				CURRENT_PROJECT_VERSION = 1;
				DEVELOPMENT_TEAM = 8AD4NX7R6N;
				GENERATE_INFOPLIST_FILE = YES;
				INFOPLIST_FILE = test/Info.plist;
				INFOPLIST_KEY_CFBundleDisplayName = KetoNutrition;
				INFOPLIST_KEY_UIApplicationSupportsIndirectInputEvents = YES;
				INFOPLIST_KEY_UILaunchStoryboardName = LaunchScreen;
				INFOPLIST_KEY_UISupportedInterfaceOrientations_iPad = "UIInterfaceOrientationPortrait UIInterfaceOrientationPortraitUpsideDown UIInterfaceOrientationLandscapeLeft UIInterfaceOrientationLandscapeRight";
				INFOPLIST_KEY_UISupportedInterfaceOrientations_iPhone = "UIInterfaceOrientationPortrait UIInterfaceOrientationLandscapeLeft UIInterfaceOrientationLandscapeRight";
				IPHONEOS_DEPLOYMENT_TARGET = 14.5;
				LD_RUNPATH_SEARCH_PATHS = (
					"$(inherited)",
					"@executable_path/Frameworks",
				);
				MARKETING_VERSION = 1.0;
				PRODUCT_BUNDLE_IDENTIFIER = com.AndrewHolmes.test;
				PRODUCT_NAME = "$(TARGET_NAME)";
				SWIFT_EMIT_LOC_STRINGS = YES;
				SWIFT_VERSION = 5.0;
				TARGETED_DEVICE_FAMILY = 1;
			};
			name = Debug;
		};
		84B0D990281865D90036F22D /* Release */ = {
			isa = XCBuildConfiguration;
			buildSettings = {
				ASSETCATALOG_COMPILER_APPICON_NAME = AppIcon;
				ASSETCATALOG_COMPILER_GLOBAL_ACCENT_COLOR_NAME = AccentColor;
				CODE_SIGN_STYLE = Automatic;
				CURRENT_PROJECT_VERSION = 1;
				DEVELOPMENT_TEAM = 8AD4NX7R6N;
				GENERATE_INFOPLIST_FILE = YES;
				INFOPLIST_FILE = test/Info.plist;
				INFOPLIST_KEY_CFBundleDisplayName = KetoNutrition;
				INFOPLIST_KEY_UIApplicationSupportsIndirectInputEvents = YES;
				INFOPLIST_KEY_UILaunchStoryboardName = LaunchScreen;
				INFOPLIST_KEY_UISupportedInterfaceOrientations_iPad = "UIInterfaceOrientationPortrait UIInterfaceOrientationPortraitUpsideDown UIInterfaceOrientationLandscapeLeft UIInterfaceOrientationLandscapeRight";
				INFOPLIST_KEY_UISupportedInterfaceOrientations_iPhone = "UIInterfaceOrientationPortrait UIInterfaceOrientationLandscapeLeft UIInterfaceOrientationLandscapeRight";
				IPHONEOS_DEPLOYMENT_TARGET = 14.5;
				LD_RUNPATH_SEARCH_PATHS = (
					"$(inherited)",
					"@executable_path/Frameworks",
				);
				MARKETING_VERSION = 1.0;
				PRODUCT_BUNDLE_IDENTIFIER = com.AndrewHolmes.test;
				PRODUCT_NAME = "$(TARGET_NAME)";
				SWIFT_EMIT_LOC_STRINGS = YES;
				SWIFT_VERSION = 5.0;
				TARGETED_DEVICE_FAMILY = 1;
			};
			name = Release;
		};
/* End XCBuildConfiguration section */

/* Begin XCConfigurationList section */
		84B0D975281865D70036F22D /* Build configuration list for PBXProject "KetoNutrition" */ = {
			isa = XCConfigurationList;
			buildConfigurations = (
				84B0D98C281865D90036F22D /* Debug */,
				84B0D98D281865D90036F22D /* Release */,
			);
			defaultConfigurationIsVisible = 0;
			defaultConfigurationName = Release;
		};
		84B0D98E281865D90036F22D /* Build configuration list for PBXNativeTarget "KetoNutrition" */ = {
			isa = XCConfigurationList;
			buildConfigurations = (
				84B0D98F281865D90036F22D /* Debug */,
				84B0D990281865D90036F22D /* Release */,
			);
			defaultConfigurationIsVisible = 0;
			defaultConfigurationName = Release;
		};
/* End XCConfigurationList section */
	};
	rootObject = 84B0D972281865D70036F22D /* Project object */;
}
